
Microsoft Visual Studio Solution File, Format Version 12.00
# Visual Studio Version 17
VisualStudioVersion = 17.2.32602.215
MinimumVisualStudioVersion = 10.0.40219.1
Project("{9A19103F-16F7-4668-BE54-9A1E7A4F7556}") = "Bonsai.FlexibleLinks.Backoffice", "Bonsai.FlexibleLinks.Backoffice\Bonsai.FlexibleLinks.Backoffice.csproj", "{BED5F57E-91D7-416E-AC59-2ABDEC5A945D}"
	ProjectSection(ProjectDependencies) = postProject
		{2FA0DAD4-0FE3-41C9-B334-73EBB533657B} = {2FA0DAD4-0FE3-41C9-B334-73EBB533657B}
	EndProjectSection
EndProject
Project("{9A19103F-16F7-4668-BE54-9A1E7A4F7556}") = "Bonsai.FlexibleLinks.Core", "Bonsai.FlexibleLinks.Core\Bonsai.FlexibleLinks.Core.csproj", "{2FA0DAD4-0FE3-41C9-B334-73EBB533657B}"
EndProject
Project("{FAE04EC0-301F-11D3-BF4B-00C04F79EFBC}") = "Bonsai.FlexibleLinks.LinkTypes", "Bonsai.FlexibleLinks.LinkTypes\Bonsai.FlexibleLinks.LinkTypes.csproj", "{02A8DBE8-6E4E-40FB-8369-C79A7F74B082}"
	ProjectSection(ProjectDependencies) = postProject
		{2FA0DAD4-0FE3-41C9-B334-73EBB533657B} = {2FA0DAD4-0FE3-41C9-B334-73EBB533657B}
	EndProjectSection
EndProject
Global
	GlobalSection(SolutionConfigurationPlatforms) = preSolution
		Debug|Any CPU = Debug|Any CPU
		Release|Any CPU = Release|Any CPU
	EndGlobalSection
	GlobalSection(ProjectConfigurationPlatforms) = postSolution
		{BED5F57E-91D7-416E-AC59-2ABDEC5A945D}.Debug|Any CPU.ActiveCfg = Debug|Any CPU
		{BED5F57E-91D7-416E-AC59-2ABDEC5A945D}.Debug|Any CPU.Build.0 = Debug|Any CPU
		{BED5F57E-91D7-416E-AC59-2ABDEC5A945D}.Release|Any CPU.ActiveCfg = Release|Any CPU
		{BED5F57E-91D7-416E-AC59-2ABDEC5A945D}.Release|Any CPU.Build.0 = Release|Any CPU
		{2FA0DAD4-0FE3-41C9-B334-73EBB533657B}.Debug|Any CPU.ActiveCfg = Debug|Any CPU
		{2FA0DAD4-0FE3-41C9-B334-73EBB533657B}.Debug|Any CPU.Build.0 = Debug|Any CPU
		{2FA0DAD4-0FE3-41C9-B334-73EBB533657B}.Release|Any CPU.ActiveCfg = Release|Any CPU
		{2FA0DAD4-0FE3-41C9-B334-73EBB533657B}.Release|Any CPU.Build.0 = Release|Any CPU
		{02A8DBE8-6E4E-40FB-8369-C79A7F74B082}.Debug|Any CPU.ActiveCfg = Debug|Any CPU
		{02A8DBE8-6E4E-40FB-8369-C79A7F74B082}.Debug|Any CPU.Build.0 = Debug|Any CPU
		{02A8DBE8-6E4E-40FB-8369-C79A7F74B082}.Release|Any CPU.ActiveCfg = Release|Any CPU
		{02A8DBE8-6E4E-40FB-8369-C79A7F74B082}.Release|Any CPU.Build.0 = Release|Any CPU
	EndGlobalSection
	GlobalSection(SolutionProperties) = preSolution
		HideSolutionNode = FALSE
	EndGlobalSection
	GlobalSection(ExtensibilityGlobals) = postSolution
		SolutionGuid = {EC4ED23B-0738-42B1-ABE2-A12ABA108349}
	EndGlobalSection
EndGlobal
